# THIS IS AN AUTOGENERATED FILE. DO NOT EDIT THIS FILE DIRECTLY.
# yarn lockfile v1


"@babel/parser@^7.16.4":
  version "7.19.4"
  resolved "https://registry.npmmirror.com/@babel/parser/-/parser-7.19.4.tgz"
  integrity sha512-qpVT7gtuOLjWeDTKLkJ6sryqLliBaFpAtGeqw5cs5giLldvh+Ch0plqnUMKoVAUS6ZEueQQiZV+p5pxtPitEsA==

"@esbuild/android-arm@0.15.11":
  version "0.15.11"
  resolved "https://registry.npmmirror.com/@esbuild/android-arm/-/android-arm-0.15.11.tgz#bdd9c3e098183bdca97075aa4c3e0152ed3e10ee"
  integrity sha512-PzMcQLazLBkwDEkrNPi9AbjFt6+3I7HKbiYF2XtWQ7wItrHvEOeO3T8Am434zAozWtVP7lrTue1bEfc2nYWeCA==

"@esbuild/linux-loong64@0.15.11":
  version "0.15.11"
  resolved "https://registry.npmmirror.com/@esbuild/linux-loong64/-/linux-loong64-0.15.11.tgz#2f4f9a1083dcb4fc65233b6f59003c406abf32e5"
  integrity sha512-geWp637tUhNmhL3Xgy4Bj703yXB9dqiLJe05lCUfjSFDrQf9C/8pArusyPUbUbPwlC/EAUjBw32sxuIl/11dZw==

"@types/node@^18.11.0":
  version "18.11.0"
  resolved "https://registry.npmmirror.com/@types/node/-/node-18.11.0.tgz"
  integrity sha512-IOXCvVRToe7e0ny7HpT/X9Rb2RYtElG1a+VshjwT00HxrM2dWBApHQoqsI6WiY7Q03vdf2bCrIGzVrkF/5t10w==

"@vitejs/plugin-vue@^3.1.0":
  version "3.1.2"
  resolved "https://registry.npmmirror.com/@vitejs/plugin-vue/-/plugin-vue-3.1.2.tgz"
  integrity sha512-3zxKNlvA3oNaKDYX0NBclgxTQ1xaFdL7PzwF6zj9tGFziKwmBa3Q/6XcJQxudlT81WxDjEhHmevvIC4Orc1LhQ==

"@volar/code-gen@0.40.13":
  version "0.40.13"
  resolved "https://registry.npmmirror.com/@volar/code-gen/-/code-gen-0.40.13.tgz"
  integrity sha512-4gShBWuMce868OVvgyA1cU5WxHbjfEme18Tw6uVMfweZCF5fB2KECG0iPrA9D54vHk3FeHarODNwgIaaFfUBlA==
  dependencies:
    "@volar/source-map" "0.40.13"

"@volar/source-map@0.40.13":
  version "0.40.13"
  resolved "https://registry.npmmirror.com/@volar/source-map/-/source-map-0.40.13.tgz"
  integrity sha512-dbdkAB2Nxb0wLjAY5O64o3ywVWlAGONnBIoKAkXSf6qkGZM+nJxcizsoiI66K+RHQG0XqlyvjDizfnTxr+6PWg==
  dependencies:
    "@vue/reactivity" "3.2.38"

"@volar/typescript-faster@0.40.13":
  version "0.40.13"
  resolved "https://registry.npmmirror.com/@volar/typescript-faster/-/typescript-faster-0.40.13.tgz"
  integrity sha512-uy+TlcFkKoNlKEnxA4x5acxdxLyVDIXGSc8cYDNXpPKjBKXrQaetzCzlO3kVBqu1VLMxKNGJMTKn35mo+ILQmw==
  dependencies:
    semver "^7.3.7"

"@volar/vue-language-core@0.40.13":
  version "0.40.13"
  resolved "https://registry.npmmirror.com/@volar/vue-language-core/-/vue-language-core-0.40.13.tgz"
  integrity sha512-QkCb8msi2KUitTdM6Y4kAb7/ZlEvuLcbBFOC2PLBlFuoZwyxvSP7c/dBGmKGtJlEvMX0LdCyrg5V2aBYxD38/Q==
  dependencies:
    "@volar/code-gen" "0.40.13"
    "@volar/source-map" "0.40.13"
    "@vue/compiler-core" "^3.2.38"
    "@vue/compiler-dom" "^3.2.38"
    "@vue/compiler-sfc" "^3.2.38"
    "@vue/reactivity" "^3.2.38"
    "@vue/shared" "^3.2.38"

"@volar/vue-typescript@0.40.13":
  version "0.40.13"
  resolved "https://registry.npmmirror.com/@volar/vue-typescript/-/vue-typescript-0.40.13.tgz"
  integrity sha512-o7bNztwjs8JmbQjVkrnbZUOfm7q4B8ZYssETISN1tRaBdun6cfNqgpkvDYd+VUBh1O4CdksvN+5BUNnwAz4oCQ==
  dependencies:
    "@volar/code-gen" "0.40.13"
    "@volar/typescript-faster" "0.40.13"
    "@volar/vue-language-core" "0.40.13"

"@vue/compiler-core@3.2.41", "@vue/compiler-core@^3.2.38":
  version "3.2.41"
  resolved "https://registry.npmmirror.com/@vue/compiler-core/-/compiler-core-3.2.41.tgz"
  integrity sha512-oA4mH6SA78DT+96/nsi4p9DX97PHcNROxs51lYk7gb9Z4BPKQ3Mh+BLn6CQZBw857Iuhu28BfMSRHAlPvD4vlw==
  dependencies:
    "@babel/parser" "^7.16.4"
    "@vue/shared" "3.2.41"
    estree-walker "^2.0.2"
    source-map "^0.6.1"

"@vue/compiler-dom@3.2.41", "@vue/compiler-dom@^3.2.38":
  version "3.2.41"
  resolved "https://registry.npmmirror.com/@vue/compiler-dom/-/compiler-dom-3.2.41.tgz"
  integrity sha512-xe5TbbIsonjENxJsYRbDJvthzqxLNk+tb3d/c47zgREDa/PCp6/Y4gC/skM4H6PIuX5DAxm7fFJdbjjUH2QTMw==
  dependencies:
    "@vue/compiler-core" "3.2.41"
    "@vue/shared" "3.2.41"

"@vue/compiler-sfc@3.2.41", "@vue/compiler-sfc@^3.2.29", "@vue/compiler-sfc@^3.2.38":
  version "3.2.41"
  resolved "https://registry.npmmirror.com/@vue/compiler-sfc/-/compiler-sfc-3.2.41.tgz"
  integrity sha512-+1P2m5kxOeaxVmJNXnBskAn3BenbTmbxBxWOtBq3mQTCokIreuMULFantBUclP0+KnzNCMOvcnKinqQZmiOF8w==
  dependencies:
    "@babel/parser" "^7.16.4"
    "@vue/compiler-core" "3.2.41"
    "@vue/compiler-dom" "3.2.41"
    "@vue/compiler-ssr" "3.2.41"
    "@vue/reactivity-transform" "3.2.41"
    "@vue/shared" "3.2.41"
    estree-walker "^2.0.2"
    magic-string "^0.25.7"
    postcss "^8.1.10"
    source-map "^0.6.1"

"@vue/compiler-ssr@3.2.41":
  version "3.2.41"
  resolved "https://registry.npmmirror.com/@vue/compiler-ssr/-/compiler-ssr-3.2.41.tgz"
  integrity sha512-Y5wPiNIiaMz/sps8+DmhaKfDm1xgj6GrH99z4gq2LQenfVQcYXmHIOBcs5qPwl7jaW3SUQWjkAPKMfQemEQZwQ==
  dependencies:
    "@vue/compiler-dom" "3.2.41"
    "@vue/shared" "3.2.41"

"@vue/devtools-api@^6.1.4":
  version "6.4.4"
  resolved "https://registry.npmmirror.com/@vue/devtools-api/-/devtools-api-6.4.4.tgz#0b024fc8ca91bb4b6035abaf53c5aecc17119b3b"
  integrity sha512-Ku31WzpOV/8cruFaXaEZKF81WkNnvCSlBY4eOGtz5WMSdJvX1v1WWlSMGZeqUwPtQ27ZZz7B62erEMq8JDjcXw==

"@vue/reactivity-transform@3.2.41":
  version "3.2.41"
  resolved "https://registry.npmmirror.com/@vue/reactivity-transform/-/reactivity-transform-3.2.41.tgz"
  integrity sha512-mK5+BNMsL4hHi+IR3Ft/ho6Za+L3FA5j8WvreJ7XzHrqkPq8jtF/SMo7tuc9gHjLDwKZX1nP1JQOKo9IEAn54A==
  dependencies:
    "@babel/parser" "^7.16.4"
    "@vue/compiler-core" "3.2.41"
    "@vue/shared" "3.2.41"
    estree-walker "^2.0.2"
    magic-string "^0.25.7"

"@vue/reactivity@3.2.38":
  version "3.2.38"
  resolved "https://registry.npmmirror.com/@vue/reactivity/-/reactivity-3.2.38.tgz"
  integrity sha512-6L4myYcH9HG2M25co7/BSo0skKFHpAN8PhkNPM4xRVkyGl1K5M3Jx4rp5bsYhvYze2K4+l+pioN4e6ZwFLUVtw==
  dependencies:
    "@vue/shared" "3.2.38"

"@vue/reactivity@3.2.41", "@vue/reactivity@^3.2.38":
  version "3.2.41"
  resolved "https://registry.npmmirror.com/@vue/reactivity/-/reactivity-3.2.41.tgz"
  integrity sha512-9JvCnlj8uc5xRiQGZ28MKGjuCoPhhTwcoAdv3o31+cfGgonwdPNuvqAXLhlzu4zwqavFEG5tvaoINQEfxz+l6g==
  dependencies:
    "@vue/shared" "3.2.41"

"@vue/runtime-core@3.2.41":
  version "3.2.41"
  resolved "https://registry.npmmirror.com/@vue/runtime-core/-/runtime-core-3.2.41.tgz"
  integrity sha512-0LBBRwqnI0p4FgIkO9q2aJBBTKDSjzhnxrxHYengkAF6dMOjeAIZFDADAlcf2h3GDALWnblbeprYYpItiulSVQ==
  dependencies:
    "@vue/reactivity" "3.2.41"
    "@vue/shared" "3.2.41"

"@vue/runtime-dom@3.2.41":
  version "3.2.41"
  resolved "https://registry.npmmirror.com/@vue/runtime-dom/-/runtime-dom-3.2.41.tgz"
  integrity sha512-U7zYuR1NVIP8BL6jmOqmapRAHovEFp7CSw4pR2FacqewXNGqZaRfHoNLQsqQvVQ8yuZNZtxSZy0FFyC70YXPpA==
  dependencies:
    "@vue/runtime-core" "3.2.41"
    "@vue/shared" "3.2.41"
    csstype "^2.6.8"

"@vue/server-renderer@3.2.41":
  version "3.2.41"
  resolved "https://registry.npmmirror.com/@vue/server-renderer/-/server-renderer-3.2.41.tgz"
  integrity sha512-7YHLkfJdTlsZTV0ae5sPwl9Gn/EGr2hrlbcS/8naXm2CDpnKUwC68i1wGlrYAfIgYWL7vUZwk2GkYLQH5CvFig==
  dependencies:
    "@vue/compiler-ssr" "3.2.41"
    "@vue/shared" "3.2.41"

"@vue/shared@3.2.38":
  version "3.2.38"
  resolved "https://registry.npmmirror.com/@vue/shared/-/shared-3.2.38.tgz"
  integrity sha512-dTyhTIRmGXBjxJE+skC8tTWCGLCVc4wQgRRLt8+O9p5ewBAjoBwtCAkLPrtToSr1xltoe3st21Pv953aOZ7alg==

"@vue/shared@3.2.41", "@vue/shared@^3.2.38":
  version "3.2.41"
  resolved "https://registry.npmmirror.com/@vue/shared/-/shared-3.2.41.tgz"
  integrity sha512-W9mfWLHmJhkfAmV+7gDjcHeAWALQtgGT3JErxULl0oz6R6+3ug91I7IErs93eCFhPCZPHBs4QJS7YWEV7A3sxw==

asynckit@^0.4.0:
  version "0.4.0"
  resolved "https://registry.npmmirror.com/asynckit/-/asynckit-0.4.0.tgz"
  integrity sha512-Oei9OH4tRh0YqU3GxhX79dM/mwVgvbZJaSNaRk+bshkj0S5cfHcgYakreBjrHwatXKbz+IoIdYLxrKim2MjW0Q==

axios@^1.1.3:
  version "1.1.3"
  resolved "https://registry.npmmirror.com/axios/-/axios-1.1.3.tgz"
  integrity sha512-00tXVRwKx/FZr/IDVFt4C+f9FYairX517WoGCL6dpOntqLkZofjhu43F/Xl44UOpqa+9sLFDrG/XAnFsUYgkDA==
  dependencies:
    follow-redirects "^1.15.0"
    form-data "^4.0.0"
    proxy-from-env "^1.1.0"

combined-stream@^1.0.8:
  version "1.0.8"
  resolved "https://registry.npmmirror.com/combined-stream/-/combined-stream-1.0.8.tgz"
  integrity sha512-FQN4MRfuJeHf7cBbBMJFXhKSDq+2kAArBlmRBvcvFE5BB1HZKXtSFASDhdlz9zOYwxh8lDdnvmMOe/+5cdoEdg==
  dependencies:
    delayed-stream "~1.0.0"

copy-anything@^2.0.1:
  version "2.0.6"
  resolved "https://registry.npmmirror.com/copy-anything/-/copy-anything-2.0.6.tgz#092454ea9584a7b7ad5573062b2a87f5900fc480"
  integrity sha512-1j20GZTsvKNkc4BY3NpMOM8tt///wY3FpIzozTOFO2ffuZcV61nojHXVKIy3WM+7ADCy5FVhdZYHYDdgTU0yJw==
  dependencies:
    is-what "^3.14.1"

csstype@^2.6.8:
  version "2.6.21"
  resolved "https://registry.npmmirror.com/csstype/-/csstype-2.6.21.tgz"
  integrity sha512-Z1PhmomIfypOpoMjRQB70jfvy/wxT50qW08YXO5lMIJkrdq4yOTR+AW7FqutScmB9NkLwxo+jU+kZLbofZZq/w==

debug@^3.2.6:
  version "3.2.7"
  resolved "https://registry.npmmirror.com/debug/-/debug-3.2.7.tgz#72580b7e9145fb39b6676f9c5e5fb100b934179a"
  integrity sha512-CFjzYYAi4ThfiQvizrFQevTTXHtnCqWfe7x1AhgEscTz6ZbLbfoLRLPugTQyBth6f8ZERVUSyWHFD/7Wu4t1XQ==
  dependencies:
    ms "^2.1.1"

delayed-stream@~1.0.0:
  version "1.0.0"
  resolved "https://registry.npmmirror.com/delayed-stream/-/delayed-stream-1.0.0.tgz"
  integrity sha512-ZySD7Nf91aLB0RxL4KGrKHBXl7Eds1DAmEdcoVawXnLD7SDhpNgtuII2aAkg7a7QS41jxPSZ17p4VdGnMHk3MQ==

errno@^0.1.1:
  version "0.1.8"
  resolved "https://registry.npmmirror.com/errno/-/errno-0.1.8.tgz#8bb3e9c7d463be4976ff888f76b4809ebc2e811f"
  integrity sha512-dJ6oBr5SQ1VSd9qkk7ByRgb/1SH4JZjCHSW/mr63/QcXO9zLVxvJ6Oy13nio03rxpSnVDDjFor75SjVeZWPW/A==
  dependencies:
    prr "~1.0.1"

esbuild-android-64@0.15.11:
  version "0.15.11"
  resolved "https://registry.npmmirror.com/esbuild-android-64/-/esbuild-android-64-0.15.11.tgz#50402129c3e85bb06434e212374c5f693e4c5f01"
  integrity sha512-rrwoXEiuI1kaw4k475NJpexs8GfJqQUKcD08VR8sKHmuW9RUuTR2VxcupVvHdiGh9ihxL9m3lpqB1kju92Ialw==

esbuild-android-arm64@0.15.11:
  version "0.15.11"
  resolved "https://registry.npmmirror.com/esbuild-android-arm64/-/esbuild-android-arm64-0.15.11.tgz#49bee35218ea2ccf1a0c5f187af77c1c0a5dee71"
  integrity sha512-/hDubOg7BHOhUUsT8KUIU7GfZm5bihqssvqK5PfO4apag7YuObZRZSzViyEKcFn2tPeHx7RKbSBXvAopSHDZJQ==

esbuild-darwin-64@0.15.11:
  version "0.15.11"
  resolved "https://registry.npmmirror.com/esbuild-darwin-64/-/esbuild-darwin-64-0.15.11.tgz#89a90c8cf6f0029ac4169bfedd012a0412c1575f"
  integrity sha512-1DqHD0ms3AhiwkKnjRUzmiW7JnaJJr5FKrPiR7xuyMwnjDqvNWDdMq4rKSD9OC0piFNK6n0LghsglNMe2MwJtA==

esbuild-darwin-arm64@0.15.11:
  version "0.15.11"
  resolved "https://registry.npmmirror.com/esbuild-darwin-arm64/-/esbuild-darwin-arm64-0.15.11.tgz#556f4385c6de806cc81132dd7b8af00fe9d292df"
  integrity sha512-OMzhxSbS0lwwrW40HHjRCeVIJTURdXFA8c3GU30MlHKuPCcvWNUIKVucVBtNpJySXmbkQMDJdJNrXzNDyvoqvQ==

esbuild-freebsd-64@0.15.11:
  version "0.15.11"
  resolved "https://registry.npmmirror.com/esbuild-freebsd-64/-/esbuild-freebsd-64-0.15.11.tgz#fd86fd1b3b65366048f35b996d9cdf3547384eee"
  integrity sha512-8dKP26r0/Qyez8nTCwpq60QbuYKOeBygdgOAWGCRalunyeqWRoSZj9TQjPDnTTI9joxd3QYw3UhVZTKxO9QdRg==

esbuild-freebsd-arm64@0.15.11:
  version "0.15.11"
  resolved "https://registry.npmmirror.com/esbuild-freebsd-arm64/-/esbuild-freebsd-arm64-0.15.11.tgz#d346bcacfe9779ebc1a11edac1bdedeff6dda3b1"
  integrity sha512-aSGiODiukLGGnSg/O9+cGO2QxEacrdCtCawehkWYTt5VX1ni2b9KoxpHCT9h9Y6wGqNHmXFnB47RRJ8BIqZgmQ==

esbuild-linux-32@0.15.11:
  version "0.15.11"
  resolved "https://registry.npmmirror.com/esbuild-linux-32/-/esbuild-linux-32-0.15.11.tgz#64b50e774bf75af7dcc6a73ad509f2eb0ac4487b"
  integrity sha512-lsrAfdyJBGx+6aHIQmgqUonEzKYeBnyfJPkT6N2dOf1RoXYYV1BkWB6G02tjsrz1d5wZzaTc3cF+TKmuTo/ZwA==

esbuild-linux-64@0.15.11:
  version "0.15.11"
  resolved "https://registry.npmmirror.com/esbuild-linux-64/-/esbuild-linux-64-0.15.11.tgz#fba3a78b95769772863f8f6dc316abca55cf8416"
  integrity sha512-Y2Rh+PcyVhQqXKBTacPCltINN3uIw2xC+dsvLANJ1SpK5NJUtxv8+rqWpjmBgaNWKQT1/uGpMmA9olALy9PLVA==

esbuild-linux-arm64@0.15.11:
  version "0.15.11"
  resolved "https://registry.npmmirror.com/esbuild-linux-arm64/-/esbuild-linux-arm64-0.15.11.tgz#c0cb31980eee066bfd39a4593660a0ecebe926cb"
  integrity sha512-uhcXiTwTmD4OpxJu3xC5TzAAw6Wzf9O1XGWL448EE9bqGjgV1j+oK3lIHAfsHnuIn8K4nDW8yjX0Sv5S++oRuw==

esbuild-linux-arm@0.15.11:
  version "0.15.11"
  resolved "https://registry.npmmirror.com/esbuild-linux-arm/-/esbuild-linux-arm-0.15.11.tgz#7824d20099977aa671016c7de7a5038c9870010f"
  integrity sha512-TJllTVk5aSyqPFvvcHTvf6Wu1ZKhWpJ/qNmZO8LL/XeB+LXCclm7HQHNEIz6MT7IX8PmlC1BZYrOiw2sXSB95A==

esbuild-linux-mips64le@0.15.11:
  version "0.15.11"
  resolved "https://registry.npmmirror.com/esbuild-linux-mips64le/-/esbuild-linux-mips64le-0.15.11.tgz#10627331c90164e553429ed25e025184bba485b6"
  integrity sha512-WD61y/R1M4BLe4gxXRypoQ0Ci+Vjf714QYzcPNkiYv5I8K8WDz2ZR8Bm6cqKxd6rD+e/rZgPDbhQ9PCf7TMHmA==

esbuild-linux-ppc64le@0.15.11:
  version "0.15.11"
  resolved "https://registry.npmmirror.com/esbuild-linux-ppc64le/-/esbuild-linux-ppc64le-0.15.11.tgz#be42679a36a5246b893fc8b898135ebacb5a0a14"
  integrity sha512-JVleZS9oPVLTlBhPTWgOwxFWU/wMUdlBwTbGA4GF8c38sLbS13cupj+C8bLq929jU7EMWry4SaL+tKGIaTlqKg==

esbuild-linux-riscv64@0.15.11:
  version "0.15.11"
  resolved "https://registry.npmmirror.com/esbuild-linux-riscv64/-/esbuild-linux-riscv64-0.15.11.tgz#3ac2f328e3db73cbff833ada94314d8e79503e54"
  integrity sha512-9aLIalZ2HFHIOZpmVU11sEAS9F8TnHw49daEjcgMpBXHFF57VuT9f9/9LKJhw781Gda0P9jDkuCWJ0tFbErvJw==

esbuild-linux-s390x@0.15.11:
  version "0.15.11"
  resolved "https://registry.npmmirror.com/esbuild-linux-s390x/-/esbuild-linux-s390x-0.15.11.tgz#e774e0df061b6847d86783bf3c8c4300a72e03ad"
  integrity sha512-sZHtiXXOKsLI3XGBGoYO4qKBzJlb8xNsWmvFiwFMHFzA4AXgDP1KDp7Dawe9C2pavTRBDvl+Ok4n/DHQ59oaTg==

esbuild-netbsd-64@0.15.11:
  version "0.15.11"
  resolved "https://registry.npmmirror.com/esbuild-netbsd-64/-/esbuild-netbsd-64-0.15.11.tgz#55e265fa4489e3f396b16c81f6f5a11d6ca2a9a4"
  integrity sha512-hUC9yN06K9sg7ju4Vgu9ChAPdsEgtcrcLfyNT5IKwKyfpLvKUwCMZSdF+gRD3WpyZelgTQfJ+pDx5XFbXTlB0A==

esbuild-openbsd-64@0.15.11:
  version "0.15.11"
  resolved "https://registry.npmmirror.com/esbuild-openbsd-64/-/esbuild-openbsd-64-0.15.11.tgz#bc04103ccfd8c2f2241e1add0b51a095955b73c4"
  integrity sha512-0bBo9SQR4t66Wd91LGMAqmWorzO0TTzVjYiifwoFtel8luFeXuPThQnEm5ztN4g0fnvcp7AnUPPzS/Depf17wQ==

esbuild-sunos-64@0.15.11:
  version "0.15.11"
  resolved "https://registry.npmmirror.com/esbuild-sunos-64/-/esbuild-sunos-64-0.15.11.tgz#ccd580305d31fde07b5c386da79c942aaf069013"
  integrity sha512-EuBdTGlsMTjEl1sQnBX2jfygy7iR6CKfvOzi+gEOfhDqbHXsmY1dcpbVtcwHAg9/2yUZSfMJHMAgf1z8M4yyyw==

esbuild-windows-32@0.15.11:
  version "0.15.11"
  resolved "https://registry.npmmirror.com/esbuild-windows-32/-/esbuild-windows-32-0.15.11.tgz#40fe1d48f9b20a76f6db5109aaaf1511aed58c71"
  integrity sha512-O0/Wo1Wk6dc0rZSxkvGpmTNIycEznHmkObTFz2VHBhjPsO4ZpCgfGxNkCpz4AdAIeMczpTXt/8d5vdJNKEGC+Q==

esbuild-windows-64@0.15.11:
  version "0.15.11"
  resolved "https://registry.npmmirror.com/esbuild-windows-64/-/esbuild-windows-64-0.15.11.tgz"
  integrity sha512-x977Q4HhNjnHx00b4XLAnTtj5vfbdEvkxaQwC1Zh5AN8g5EX+izgZ6e5QgqJgpzyRNJqh4hkgIJF1pyy1be0mQ==

esbuild-windows-arm64@0.15.11:
  version "0.15.11"
  resolved "https://registry.npmmirror.com/esbuild-windows-arm64/-/esbuild-windows-arm64-0.15.11.tgz#018624023b5c3f0cca334cc99f5ef7134d396333"
  integrity sha512-VwUHFACuBahrvntdcMKZteUZ9HaYrBRODoKe4tIWxguQRvvYoYb7iu5LrcRS/FQx8KPZNaa72zuqwVtHeXsITw==

esbuild@^0.15.9:
  version "0.15.11"
  resolved "https://registry.npmmirror.com/esbuild/-/esbuild-0.15.11.tgz"
  integrity sha512-OgHGuhlfZ//mToxjte1D5iiiQgWfJ2GByVMwEC/IuoXsBGkuyK1+KrjYu0laSpnN/L1UmLUCv0s25vObdc1bVg==
  optionalDependencies:
    "@esbuild/android-arm" "0.15.11"
    "@esbuild/linux-loong64" "0.15.11"
    esbuild-android-64 "0.15.11"
    esbuild-android-arm64 "0.15.11"
    esbuild-darwin-64 "0.15.11"
    esbuild-darwin-arm64 "0.15.11"
    esbuild-freebsd-64 "0.15.11"
    esbuild-freebsd-arm64 "0.15.11"
    esbuild-linux-32 "0.15.11"
    esbuild-linux-64 "0.15.11"
    esbuild-linux-arm "0.15.11"
    esbuild-linux-arm64 "0.15.11"
    esbuild-linux-mips64le "0.15.11"
    esbuild-linux-ppc64le "0.15.11"
    esbuild-linux-riscv64 "0.15.11"
    esbuild-linux-s390x "0.15.11"
    esbuild-netbsd-64 "0.15.11"
    esbuild-openbsd-64 "0.15.11"
    esbuild-sunos-64 "0.15.11"
    esbuild-windows-32 "0.15.11"
    esbuild-windows-64 "0.15.11"
    esbuild-windows-arm64 "0.15.11"

estree-walker@^2.0.2:
  version "2.0.2"
  resolved "https://registry.npmmirror.com/estree-walker/-/estree-walker-2.0.2.tgz"
  integrity sha512-Rfkk/Mp/DL7JVje3u18FxFujQlTNR2q6QfMSMB7AvCBx91NGj/ba3kCfza0f6dVDbw7YlRf/nDrn7pQrCCyQ/w==

follow-redirects@^1.15.0:
  version "1.15.2"
  resolved "https://registry.npmmirror.com/follow-redirects/-/follow-redirects-1.15.2.tgz"
  integrity sha512-VQLG33o04KaQ8uYi2tVNbdrWp1QWxNNea+nmIB4EVM28v0hmP17z7aG1+wAkNzVq4KeXTq3221ye5qTJP91JwA==

form-data@^4.0.0:
  version "4.0.0"
  resolved "https://registry.npmmirror.com/form-data/-/form-data-4.0.0.tgz"
  integrity sha512-ETEklSGi5t0QMZuiXoA/Q6vcnxcLQP5vdugSpuAyi6SVGi2clPPp+xgEhuMaHC+zGgn31Kd235W35f7Hykkaww==
  dependencies:
    asynckit "^0.4.0"
    combined-stream "^1.0.8"
    mime-types "^2.1.12"

fsevents@~2.3.2:
  version "2.3.2"
  resolved "https://registry.npmmirror.com/fsevents/-/fsevents-2.3.2.tgz#8a526f78b8fdf4623b709e0b975c52c24c02fd1a"
  integrity sha512-xiqMQR4xAeHTuB9uWm+fFRcIOgKBMiOBP+eXiyT7jsgVCq1bkVygt00oASowB7EdtpOHaaPgKt812P9ab+DDKA==

function-bind@^1.1.1:
  version "1.1.1"
  resolved "https://registry.npmmirror.com/function-bind/-/function-bind-1.1.1.tgz"
  integrity sha512-yIovAzMX49sF8Yl58fSCWJ5svSLuaibPxXQJFLmBObTuCr0Mf1KiPopGM9NiFjiYBCbfaa2Fh6breQ6ANVTI0A==

graceful-fs@^4.1.2:
  version "4.2.10"
  resolved "https://registry.npmmirror.com/graceful-fs/-/graceful-fs-4.2.10.tgz#147d3a006da4ca3ce14728c7aefc287c367d7a6c"
  integrity sha512-9ByhssR2fPVsNZj478qUUbKfmL0+t5BDVyjShtyZZLiK7ZDAArFFfopyOTj0M05wE2tJPisA4iTnnXl2YoPvOA==

has@^1.0.3:
  version "1.0.3"
  resolved "https://registry.npmmirror.com/has/-/has-1.0.3.tgz"
  integrity sha512-f2dvO0VU6Oej7RkWJGrehjbzMAjFp5/VKPp5tTpWIV4JHHZK1/BxbFRtf/siA2SWTe09caDmVtYYzWEIbBS4zw==
  dependencies:
    function-bind "^1.1.1"

iconv-lite@^0.6.3:
  version "0.6.3"
  resolved "https://registry.npmmirror.com/iconv-lite/-/iconv-lite-0.6.3.tgz#a52f80bf38da1952eb5c681790719871a1a72501"
  integrity sha512-4fCk79wshMdzMp2rH06qWrJE4iolqLhCUH+OiuIgU++RB0+94NlDL81atO7GX55uUKueo0txHNtvEyI6D7WdMw==
  dependencies:
    safer-buffer ">= 2.1.2 < 3.0.0"

image-size@~0.5.0:
  version "0.5.5"
  resolved "https://registry.npmmirror.com/image-size/-/image-size-0.5.5.tgz#09dfd4ab9d20e29eb1c3e80b8990378df9e3cb9c"
  integrity sha512-6TDAlDPZxUFCv+fuOkIoXT/V/f3Qbq8e37p+YOiYrUv3v9cc3/6x78VdfPgFVaB9dZYeLUfKgHRebpkm/oP2VQ==

is-core-module@^2.9.0:
  version "2.10.0"
  resolved "https://registry.npmmirror.com/is-core-module/-/is-core-module-2.10.0.tgz"
  integrity sha512-Erxj2n/LDAZ7H8WNJXd9tw38GYM3dv8rk8Zcs+jJuxYTW7sozH+SS8NtrSjVL1/vpLvWi1hxy96IzjJ3EHTJJg==
  dependencies:
    has "^1.0.3"

is-what@^3.14.1:
  version "3.14.1"
  resolved "https://registry.npmmirror.com/is-what/-/is-what-3.14.1.tgz#e1222f46ddda85dead0fd1c9df131760e77755c1"
  integrity sha512-sNxgpk9793nzSs7bA6JQJGeIuRBQhAaNGG77kzYQgMkrID+lS6SlK07K5LaptscDlSaIgH+GPFzf+d75FVxozA==

less@^4.1.3:
  version "4.1.3"
  resolved "https://registry.npmmirror.com/less/-/less-4.1.3.tgz#175be9ddcbf9b250173e0a00b4d6920a5b770246"
  integrity sha512-w16Xk/Ta9Hhyei0Gpz9m7VS8F28nieJaL/VyShID7cYvP6IL5oHeL6p4TXSDJqZE/lNv0oJ2pGVjJsRkfwm5FA==
  dependencies:
    copy-anything "^2.0.1"
    parse-node-version "^1.0.1"
    tslib "^2.3.0"
  optionalDependencies:
    errno "^0.1.1"
    graceful-fs "^4.1.2"
    image-size "~0.5.0"
    make-dir "^2.1.0"
    mime "^1.4.1"
    needle "^3.1.0"
    source-map "~0.6.0"

lru-cache@^6.0.0:
  version "6.0.0"
  resolved "https://registry.npmmirror.com/lru-cache/-/lru-cache-6.0.0.tgz"
  integrity sha512-Jo6dJ04CmSjuznwJSS3pUeWmd/H0ffTlkXXgwZi+eq1UCmqQwCh+eLsYOYCwY991i2Fah4h1BEMCx4qThGbsiA==
  dependencies:
    yallist "^4.0.0"

magic-string@^0.25.7:
  version "0.25.9"
  resolved "https://registry.npmmirror.com/magic-string/-/magic-string-0.25.9.tgz"
  integrity sha512-RmF0AsMzgt25qzqqLc1+MbHmhdx0ojF2Fvs4XnOqz2ZOBXzzkEwc/dJQZCYHAn7v1jbVOjAZfK8msRn4BxO4VQ==
  dependencies:
    sourcemap-codec "^1.4.8"

make-dir@^2.1.0:
  version "2.1.0"
  resolved "https://registry.npmmirror.com/make-dir/-/make-dir-2.1.0.tgz#5f0310e18b8be898cc07009295a30ae41e91e6f5"
  integrity sha512-LS9X+dc8KLxXCb8dni79fLIIUA5VyZoyjSMCwTluaXA0o27cCK0bhXkpgw+sTXVpPy/lSO57ilRixqk0vDmtRA==
  dependencies:
    pify "^4.0.1"
    semver "^5.6.0"

mime-db@1.52.0:
  version "1.52.0"
  resolved "https://registry.npmmirror.com/mime-db/-/mime-db-1.52.0.tgz"
  integrity sha512-sPU4uV7dYlvtWJxwwxHD0PuihVNiE7TyAbQ5SWxDCB9mUYvOgroQOwYQQOKPJ8CIbE+1ETVlOoK1UC2nU3gYvg==

mime-types@^2.1.12:
  version "2.1.35"
  resolved "https://registry.npmmirror.com/mime-types/-/mime-types-2.1.35.tgz"
  integrity sha512-ZDY+bPm5zTTF+YpCrAU9nK0UgICYPT0QtT1NZWFv4s++TNkcgVaT0g6+4R2uI4MjQjzysHB1zxuWL50hzaeXiw==
  dependencies:
    mime-db "1.52.0"

mime@^1.4.1:
  version "1.6.0"
  resolved "https://registry.npmmirror.com/mime/-/mime-1.6.0.tgz#32cd9e5c64553bd58d19a568af452acff04981b1"
  integrity sha512-x0Vn8spI+wuJ1O6S7gnbaQg8Pxh4NNHb7KSINmEWKiPE4RKOplvijn+NkmYmmRgP68mc70j2EbeTFRsrswaQeg==

ms@^2.1.1:
  version "2.1.3"
  resolved "https://registry.npmmirror.com/ms/-/ms-2.1.3.tgz#574c8138ce1d2b5861f0b44579dbadd60c6615b2"
  integrity sha512-6FlzubTLZG3J2a/NVCAleEhjzq5oxgHyaCU9yYXvcLsvoVaHJq/s5xXI6/XXP6tz7R9xAOtHnSO/tXtF3WRTlA==

nanoid@^3.3.4:
  version "3.3.4"
  resolved "https://registry.npmmirror.com/nanoid/-/nanoid-3.3.4.tgz"
  integrity sha512-MqBkQh/OHTS2egovRtLk45wEyNXwF+cokD+1YPf9u5VfJiRdAiRwB2froX5Co9Rh20xs4siNPm8naNotSD6RBw==

needle@^3.1.0:
  version "3.1.0"
  resolved "https://registry.npmmirror.com/needle/-/needle-3.1.0.tgz#3bf5cd090c28eb15644181ab6699e027bd6c53c9"
  integrity sha512-gCE9weDhjVGCRqS8dwDR/D3GTAeyXLXuqp7I8EzH6DllZGXSUyxuqqLh+YX9rMAWaaTFyVAg6rHGL25dqvczKw==
  dependencies:
    debug "^3.2.6"
    iconv-lite "^0.6.3"
    sax "^1.2.4"

normalize.css@^8.0.1:
  version "8.0.1"
  resolved "https://registry.npmmirror.com/normalize.css/-/normalize.css-8.0.1.tgz#9b98a208738b9cc2634caacbc42d131c97487bf3"
  integrity sha512-qizSNPO93t1YUuUhP22btGOo3chcvDFqFaj2TRybP0DMxkHOCTYwp3n34fel4a31ORXy4m1Xq0Gyqpb5m33qIg==

parse-node-version@^1.0.1:
  version "1.0.1"
  resolved "https://registry.npmmirror.com/parse-node-version/-/parse-node-version-1.0.1.tgz#e2b5dbede00e7fa9bc363607f53327e8b073189b"
  integrity sha512-3YHlOa/JgH6Mnpr05jP9eDG254US9ek25LyIxZlDItp2iJtwyaXQb57lBYLdT3MowkUFYEV2XXNAYIPlESvJlA==

path-parse@^1.0.7:
  version "1.0.7"
  resolved "https://registry.npmmirror.com/path-parse/-/path-parse-1.0.7.tgz"
  integrity sha512-LDJzPVEEEPR+y48z93A0Ed0yXb8pAByGWo/k5YYdYgpY2/2EsOsksJrq7lOHxryrVOn1ejG6oAp8ahvOIQD8sw==

picocolors@^1.0.0:
  version "1.0.0"
  resolved "https://registry.npmmirror.com/picocolors/-/picocolors-1.0.0.tgz"
  integrity sha512-1fygroTLlHu66zi26VoTDv8yRgm0Fccecssto+MhsZ0D/DGW2sm8E8AjW7NU5VVTRt5GxbeZ5qBuJr+HyLYkjQ==

pify@^4.0.1:
  version "4.0.1"
  resolved "https://registry.npmmirror.com/pify/-/pify-4.0.1.tgz#4b2cd25c50d598735c50292224fd8c6df41e3231"
  integrity sha512-uB80kBFb/tfd68bVleG9T5GGsGPjJrLAUpR5PZIrhBnIaRTQRjqdJSsIKkOP6OAIFbj7GOrcudc5pNjZ+geV2g==

postcss@^8.1.10, postcss@^8.4.16:
  version "8.4.18"
  resolved "https://registry.npmmirror.com/postcss/-/postcss-8.4.18.tgz"
  integrity sha512-Wi8mWhncLJm11GATDaQKobXSNEYGUHeQLiQqDFG1qQ5UTDPTEvKw0Xt5NsTpktGTwLps3ByrWsBrG0rB8YQ9oA==
  dependencies:
    nanoid "^3.3.4"
    picocolors "^1.0.0"
    source-map-js "^1.0.2"

proxy-from-env@^1.1.0:
  version "1.1.0"
  resolved "https://registry.npmmirror.com/proxy-from-env/-/proxy-from-env-1.1.0.tgz"
  integrity sha512-D+zkORCbA9f1tdWRK0RaCR3GPv50cMxcrz4X8k5LTSUD1Dkw47mKJEZQNunItRTkWwgtaUSo1RVFRIG9ZXiFYg==

prr@~1.0.1:
  version "1.0.1"
  resolved "https://registry.npmmirror.com/prr/-/prr-1.0.1.tgz#d3fc114ba06995a45ec6893f484ceb1d78f5f476"
  integrity sha512-yPw4Sng1gWghHQWj0B3ZggWUm4qVbPwPFcRG8KyxiU7J2OHFSoEHKS+EZ3fv5l1t9CyCiop6l/ZYeWbrgoQejw==

resolve@^1.22.1:
  version "1.22.1"
  resolved "https://registry.npmmirror.com/resolve/-/resolve-1.22.1.tgz"
  integrity sha512-nBpuuYuY5jFsli/JIs1oldw6fOQCBioohqWZg/2hiaOybXOft4lonv85uDOKXdf8rhyK159cxU5cDcK/NKk8zw==
  dependencies:
    is-core-module "^2.9.0"
    path-parse "^1.0.7"
    supports-preserve-symlinks-flag "^1.0.0"

rollup@~2.78.0:
  version "2.78.1"
  resolved "https://registry.npmmirror.com/rollup/-/rollup-2.78.1.tgz"
  integrity sha512-VeeCgtGi4P+o9hIg+xz4qQpRl6R401LWEXBmxYKOV4zlF82lyhgh2hTZnheFUbANE8l2A41F458iwj2vEYaXJg==
  optionalDependencies:
    fsevents "~2.3.2"

"safer-buffer@>= 2.1.2 < 3.0.0":
  version "2.1.2"
  resolved "https://registry.npmmirror.com/safer-buffer/-/safer-buffer-2.1.2.tgz#44fa161b0187b9549dd84bb91802f9bd8385cd6a"
  integrity sha512-YZo3K82SD7Riyi0E1EQPojLz7kpepnSQI9IyPbHHg1XXXevb5dJI7tpyN2ADxGcQbHG7vcyRHk0cbwqcQriUtg==

sax@^1.2.4:
  version "1.2.4"
  resolved "https://registry.npmmirror.com/sax/-/sax-1.2.4.tgz#2816234e2378bddc4e5354fab5caa895df7100d9"
  integrity sha512-NqVDv9TpANUjFm0N8uM5GxL36UgKi9/atZw+x7YFnQ8ckwFGKrl4xX4yWtrey3UJm5nP1kUbnYgLopqWNSRhWw==

semver@^5.6.0:
  version "5.7.1"
  resolved "https://registry.npmmirror.com/semver/-/semver-5.7.1.tgz#a954f931aeba508d307bbf069eff0c01c96116f7"
  integrity sha512-sauaDf/PZdVgrLTNYHRtpXa1iRiKcaebiKQ1BJdpQlWH2lCvexQdX55snPFyK7QzpudqbCI0qXFfOasHdyNDGQ==

semver@^7.3.7:
  version "7.3.8"
  resolved "https://registry.npmmirror.com/semver/-/semver-7.3.8.tgz"
  integrity sha512-NB1ctGL5rlHrPJtFDVIVzTyQylMLu9N9VICA6HSFJo8MCGVTMW6gfpicwKmmK/dAjTOrqu5l63JJOpDSrAis3A==
  dependencies:
    lru-cache "^6.0.0"

source-map-js@^1.0.2:
  version "1.0.2"
  resolved "https://registry.npmmirror.com/source-map-js/-/source-map-js-1.0.2.tgz"
  integrity sha512-R0XvVJ9WusLiqTCEiGCmICCMplcCkIwwR11mOSD9CR5u+IXYdiseeEuXCVAjS54zqwkLcPNnmU4OeJ6tUrWhDw==

source-map@^0.6.1, source-map@~0.6.0:
  version "0.6.1"
  resolved "https://registry.npmmirror.com/source-map/-/source-map-0.6.1.tgz"
  integrity sha512-UjgapumWlbMhkBgzT7Ykc5YXUT46F0iKu8SGXq0bcwP5dz/h0Plj6enJqjz1Zbq2l5WaqYnrVbwWOWMyF3F47g==

sourcemap-codec@^1.4.8:
  version "1.4.8"
  resolved "https://registry.npmmirror.com/sourcemap-codec/-/sourcemap-codec-1.4.8.tgz"
  integrity sha512-9NykojV5Uih4lgo5So5dtw+f0JgJX30KCNI8gwhz2J9A15wD0Ml6tjHKwf6fTSa6fAdVBdZeNOs9eJ71qCk8vA==

supports-preserve-symlinks-flag@^1.0.0:
  version "1.0.0"
  resolved "https://registry.npmmirror.com/supports-preserve-symlinks-flag/-/supports-preserve-symlinks-flag-1.0.0.tgz"
  integrity sha512-ot0WnXS9fgdkgIcePe6RHNk1WA8+muPa6cSjeR3V8K27q9BB1rTE3R1p7Hv0z1ZyAc8s6Vvv8DIyWf681MAt0w==

tslib@^2.3.0:
  version "2.4.0"
  resolved "https://registry.npmmirror.com/tslib/-/tslib-2.4.0.tgz#7cecaa7f073ce680a05847aa77be941098f36dc3"
  integrity sha512-d6xOpEDfsi2CZVlPQzGeux8XMwLT9hssAsaPYExaQMuYskwb+x1x7J371tWlbBdWHroy99KnVB6qIkUbs5X3UQ==

typescript@^4.6.4:
  version "4.8.4"
  resolved "https://registry.npmmirror.com/typescript/-/typescript-4.8.4.tgz"
  integrity sha512-QCh+85mCy+h0IGff8r5XWzOVSbBO+KfeYrMQh7NJ58QujwcE22u+NUSmUxqF+un70P9GXKxa2HCNiTTMJknyjQ==

vite-plugin-vue-setup-extend@^0.4.0:
  version "0.4.0"
  resolved "https://registry.npmmirror.com/vite-plugin-vue-setup-extend/-/vite-plugin-vue-setup-extend-0.4.0.tgz#ebbbe265320039b8c6a3b9fcae3b8d152ecf4a13"
  integrity sha512-WMbjPCui75fboFoUTHhdbXzu4Y/bJMv5N9QT9a7do3wNMNHHqrk+Tn2jrSJU0LS5fGl/EG+FEDBYVUeWIkDqXQ==
  dependencies:
    "@vue/compiler-sfc" "^3.2.29"
    magic-string "^0.25.7"

vite@^3.1.0:
  version "3.1.8"
  resolved "https://registry.npmmirror.com/vite/-/vite-3.1.8.tgz"
  integrity sha512-m7jJe3nufUbuOfotkntGFupinL/fmuTNuQmiVE7cH2IZMuf4UbfbGYMUT3jVWgGYuRVLY9j8NnrRqgw5rr5QTg==
  dependencies:
    esbuild "^0.15.9"
    postcss "^8.4.16"
    resolve "^1.22.1"
    rollup "~2.78.0"
  optionalDependencies:
    fsevents "~2.3.2"

vue-router@^4.1.5:
  version "4.1.5"
  resolved "https://registry.npmmirror.com/vue-router/-/vue-router-4.1.5.tgz#256f597e3f5a281a23352a6193aa6e342c8d9f9a"
  integrity sha512-IsvoF5D2GQ/EGTs/Th4NQms9gd2NSqV+yylxIyp/OYp8xOwxmU8Kj/74E9DTSYAyH5LX7idVUngN3JSj1X4xcQ==
  dependencies:
    "@vue/devtools-api" "^6.1.4"

vue-tsc@^0.40.4:
  version "0.40.13"
  resolved "https://registry.npmmirror.com/vue-tsc/-/vue-tsc-0.40.13.tgz"
  integrity sha512-xzuN3g5PnKfJcNrLv4+mAjteMd5wLm5fRhW0034OfNJZY4WhB07vhngea/XeGn7wNYt16r7syonzvW/54dcNiA==
  dependencies:
    "@volar/vue-language-core" "0.40.13"
    "@volar/vue-typescript" "0.40.13"

vue@^3.2.37:
  version "3.2.41"
  resolved "https://registry.npmmirror.com/vue/-/vue-3.2.41.tgz"
  integrity sha512-uuuvnrDXEeZ9VUPljgHkqB5IaVO8SxhPpqF2eWOukVrBnRBx2THPSGQBnVRt0GrIG1gvCmFXMGbd7FqcT1ixNQ==
  dependencies:
    "@vue/compiler-dom" "3.2.41"
    "@vue/compiler-sfc" "3.2.41"
    "@vue/runtime-dom" "3.2.41"
    "@vue/server-renderer" "3.2.41"
    "@vue/shared" "3.2.41"

yallist@^4.0.0:
  version "4.0.0"
  resolved "https://registry.npmmirror.com/yallist/-/yallist-4.0.0.tgz"
  integrity sha512-3wdGidZyq5PB084XLES5TpOSRA3wjXAlIWMhum2kRcv/41Sn2emQ0dycQW4uZXLejwKvg6EsvbdlVL+FYEct7A==
